
Microsoft Visual Studio Solution File, Format Version 12.00
# Visual Studio 2013
VisualStudioVersion = 12.0.0.0
MinimumVisualStudioVersion = 10.0.0.1
Project("{FAE04EC0-301F-11D3-BF4B-00C04F79EFBC}") = "Model", "Model\Model.csproj", "{5F5D5820-5B06-4A14-947D-062A63CA7EAA}"
EndProject
Global
	GlobalSection(SolutionConfigurationPlatforms) = preSolution
		Debug|Any CPU = Debug|Any CPU
		Release|Any CPU = Release|Any CPU
	EndGlobalSection
	GlobalSection(ProjectConfigurationPlatforms) = postSolution
		{5F5D5820-5B06-4A14-947D-062A63CA7EAA}.Debug|Any CPU.ActiveCfg = Debug|Any CPU
		{5F5D5820-5B06-4A14-947D-062A63CA7EAA}.Debug|Any CPU.Build.0 = Debug|Any CPU
		{5F5D5820-5B06-4A14-947D-062A63CA7EAA}.Release|Any CPU.ActiveCfg = Release|Any CPU
		{5F5D5820-5B06-4A14-947D-062A63CA7EAA}.Release|Any CPU.Build.0 = Release|Any CPU
	EndGlobalSection
	GlobalSection(SolutionProperties) = preSolution
		HideSolutionNode = FALSE
	EndGlobalSection
EndGlobal
